
Microsoft Visual Studio Solution File, Format Version 12.00
# Visual Studio Version 17
VisualStudioVersion = 17.5.33516.290
MinimumVisualStudioVersion = 10.0.40219.1
Project("{FAE04EC0-301F-11D3-BF4B-00C04F79EFBC}") = "Fundamentals-Of-Programming-With-CSharp", "Fundamentals-Of-Programming-With-CSharp.csproj", "{DBAC1975-A22B-4ADA-8A37-2402FD266773}"
EndProject
Global
	GlobalSection(SolutionConfigurationPlatforms) = preSolution
		Debug|Any CPU = Debug|Any CPU
		Release|Any CPU = Release|Any CPU
	EndGlobalSection
	GlobalSection(ProjectConfigurationPlatforms) = postSolution
		{DBAC1975-A22B-4ADA-8A37-2402FD266773}.Debug|Any CPU.ActiveCfg = Debug|Any CPU
		{DBAC1975-A22B-4ADA-8A37-2402FD266773}.Debug|Any CPU.Build.0 = Debug|Any CPU
		{DBAC1975-A22B-4ADA-8A37-2402FD266773}.Release|Any CPU.ActiveCfg = Release|Any CPU
		{DBAC1975-A22B-4ADA-8A37-2402FD266773}.Release|Any CPU.Build.0 = Release|Any CPU
	EndGlobalSection
	GlobalSection(SolutionProperties) = preSolution
		HideSolutionNode = FALSE
	EndGlobalSection
	GlobalSection(ExtensibilityGlobals) = postSolution
		SolutionGuid = {3BFB3919-3EBC-4686-8F1E-9B10CED1AC9D}
	EndGlobalSection
EndGlobal
